// !$*UTF8*$!
{
	archiveVersion = 1;
	classes = {
	};
	objectVersion = 46;
	objects = {

/* Begin PBXBuildFile section */
		079A6DD218E2411C003DEFAF /* Foundation.framework in Frameworks */ = {isa = PBXBuildFile; fileRef = 079A6DD118E2411C003DEFAF /* Foundation.framework */; };
		079A6DD418E2411C003DEFAF /* CoreGraphics.framework in Frameworks */ = {isa = PBXBuildFile; fileRef = 079A6DD318E2411C003DEFAF /* CoreGraphics.framework */; };
		079A6DD618E2411C003DEFAF /* UIKit.framework in Frameworks */ = {isa = PBXBuildFile; fileRef = 079A6DD518E2411C003DEFAF /* UIKit.framework */; };
		079A6DDC18E2411C003DEFAF /* InfoPlist.strings in Resources */ = {isa = PBXBuildFile; fileRef = 079A6DDA18E2411C003DEFAF /* InfoPlist.strings */; };
		079A6DDE18E2411C003DEFAF /* main.m in Sources */ = {isa = PBXBuildFile; fileRef = 079A6DDD18E2411C003DEFAF /* main.m */; };
		079A6DE218E2411C003DEFAF /* DSAppDelegate.m in Sources */ = {isa = PBXBuildFile; fileRef = 079A6DE118E2411C003DEFAF /* DSAppDelegate.m */; };
		079A6DE518E2411C003DEFAF /* Main.storyboard in Resources */ = {isa = PBXBuildFile; fileRef = 079A6DE318E2411C003DEFAF /* Main.storyboard */; };
		079A6DE818E2411C003DEFAF /* DSViewController.m in Sources */ = {isa = PBXBuildFile; fileRef = 079A6DE718E2411C003DEFAF /* DSViewController.m */; };
		079A6DEA18E2411C003DEFAF /* Images.xcassets in Resources */ = {isa = PBXBuildFile; fileRef = 079A6DE918E2411C003DEFAF /* Images.xcassets */; };
		079A6DF118E2411C003DEFAF /* XCTest.framework in Frameworks */ = {isa = PBXBuildFile; fileRef = 079A6DF018E2411C003DEFAF /* XCTest.framework */; };
		079A6DF218E2411C003DEFAF /* Foundation.framework in Frameworks */ = {isa = PBXBuildFile; fileRef = 079A6DD118E2411C003DEFAF /* Foundation.framework */; };
		079A6DF318E2411C003DEFAF /* UIKit.framework in Frameworks */ = {isa = PBXBuildFile; fileRef = 079A6DD518E2411C003DEFAF /* UIKit.framework */; };
		079A6DFB18E2411C003DEFAF /* InfoPlist.strings in Resources */ = {isa = PBXBuildFile; fileRef = 079A6DF918E2411C003DEFAF /* InfoPlist.strings */; };
		079A6DFD18E2411C003DEFAF /* GetOnTheBusTests.m in Sources */ = {isa = PBXBuildFile; fileRef = 079A6DFC18E2411C003DEFAF /* GetOnTheBusTests.m */; };
		079A6E0718E24130003DEFAF /* MapKit.framework in Frameworks */ = {isa = PBXBuildFile; fileRef = 079A6E0618E24130003DEFAF /* MapKit.framework */; };
/* End PBXBuildFile section */

/* Begin PBXContainerItemProxy section */
		079A6DF418E2411C003DEFAF /* PBXContainerItemProxy */ = {
			isa = PBXContainerItemProxy;
			containerPortal = 079A6DC618E2411C003DEFAF /* Project object */;
			proxyType = 1;
			remoteGlobalIDString = 079A6DCD18E2411C003DEFAF;
			remoteInfo = GetOnTheBus;
		};
/* End PBXContainerItemProxy section */

/* Begin PBXFileReference section */
		079A6DCE18E2411C003DEFAF /* GetOnTheBus.app */ = {isa = PBXFileReference; explicitFileType = wrapper.application; includeInIndex = 0; path = GetOnTheBus.app; sourceTree = BUILT_PRODUCTS_DIR; };
		079A6DD118E2411C003DEFAF /* Foundation.framework */ = {isa = PBXFileReference; lastKnownFileType = wrapper.framework; name = Foundation.framework; path = System/Library/Frameworks/Foundation.framework; sourceTree = SDKROOT; };
		079A6DD318E2411C003DEFAF /* CoreGraphics.framework */ = {isa = PBXFileReference; lastKnownFileType = wrapper.framework; name = CoreGraphics.framework; path = System/Library/Frameworks/CoreGraphics.framework; sourceTree = SDKROOT; };
		079A6DD518E2411C003DEFAF /* UIKit.framework */ = {isa = PBXFileReference; lastKnownFileType = wrapper.framework; name = UIKit.framework; path = System/Library/Frameworks/UIKit.framework; sourceTree = SDKROOT; };
		079A6DD918E2411C003DEFAF /* GetOnTheBus-Info.plist */ = {isa = PBXFileReference; lastKnownFileType = text.plist.xml; path = "GetOnTheBus-Info.plist"; sourceTree = "<group>"; };
		079A6DDB18E2411C003DEFAF /* en */ = {isa = PBXFileReference; lastKnownFileType = text.plist.strings; name = en; path = en.lproj/InfoPlist.strings; sourceTree = "<group>"; };
		079A6DDD18E2411C003DEFAF /* main.m */ = {isa = PBXFileReference; lastKnownFileType = sourcecode.c.objc; path = main.m; sourceTree = "<group>"; };
		079A6DDF18E2411C003DEFAF /* GetOnTheBus-Prefix.pch */ = {isa = PBXFileReference; lastKnownFileType = sourcecode.c.h; path = "GetOnTheBus-Prefix.pch"; sourceTree = "<group>"; };
		079A6DE018E2411C003DEFAF /* DSAppDelegate.h */ = {isa = PBXFileReference; lastKnownFileType = sourcecode.c.h; path = DSAppDelegate.h; sourceTree = "<group>"; };
		079A6DE118E2411C003DEFAF /* DSAppDelegate.m */ = {isa = PBXFileReference; lastKnownFileType = sourcecode.c.objc; path = DSAppDelegate.m; sourceTree = "<group>"; };
		079A6DE418E2411C003DEFAF /* Base */ = {isa = PBXFileReference; lastKnownFileType = file.storyboard; name = Base; path = Base.lproj/Main.storyboard; sourceTree = "<group>"; };
		079A6DE618E2411C003DEFAF /* DSViewController.h */ = {isa = PBXFileReference; lastKnownFileType = sourcecode.c.h; path = DSViewController.h; sourceTree = "<group>"; };
		079A6DE718E2411C003DEFAF /* DSViewController.m */ = {isa = PBXFileReference; lastKnownFileType = sourcecode.c.objc; path = DSViewController.m; sourceTree = "<group>"; };
		079A6DE918E2411C003DEFAF /* Images.xcassets */ = {isa = PBXFileReference; lastKnownFileType = folder.assetcatalog; path = Images.xcassets; sourceTree = "<group>"; };
		079A6DEF18E2411C003DEFAF /* GetOnTheBusTests.xctest */ = {isa = PBXFileReference; explicitFileType = wrapper.cfbundle; includeInIndex = 0; path = GetOnTheBusTests.xctest; sourceTree = BUILT_PRODUCTS_DIR; };
		079A6DF018E2411C003DEFAF /* XCTest.framework */ = {isa = PBXFileReference; lastKnownFileType = wrapper.framework; name = XCTest.framework; path = Library/Frameworks/XCTest.framework; sourceTree = DEVELOPER_DIR; };
		079A6DF818E2411C003DEFAF /* GetOnTheBusTests-Info.plist */ = {isa = PBXFileReference; lastKnownFileType = text.plist.xml; path = "GetOnTheBusTests-Info.plist"; sourceTree = "<group>"; };
		079A6DFA18E2411C003DEFAF /* en */ = {isa = PBXFileReference; lastKnownFileType = text.plist.strings; name = en; path = en.lproj/InfoPlist.strings; sourceTree = "<group>"; };
		079A6DFC18E2411C003DEFAF /* GetOnTheBusTests.m */ = {isa = PBXFileReference; lastKnownFileType = sourcecode.c.objc; path = GetOnTheBusTests.m; sourceTree = "<group>"; };
		079A6E0618E24130003DEFAF /* MapKit.framework */ = {isa = PBXFileReference; lastKnownFileType = wrapper.framework; name = MapKit.framework; path = System/Library/Frameworks/MapKit.framework; sourceTree = SDKROOT; };
/* End PBXFileReference section */

/* Begin PBXFrameworksBuildPhase section */
		079A6DCB18E2411C003DEFAF /* Frameworks */ = {
			isa = PBXFrameworksBuildPhase;
			buildActionMask = 2147483647;
			files = (
				079A6E0718E24130003DEFAF /* MapKit.framework in Frameworks */,
				079A6DD418E2411C003DEFAF /* CoreGraphics.framework in Frameworks */,
				079A6DD618E2411C003DEFAF /* UIKit.framework in Frameworks */,
				079A6DD218E2411C003DEFAF /* Foundation.framework in Frameworks */,
			);
			runOnlyForDeploymentPostprocessing = 0;
		};
		079A6DEC18E2411C003DEFAF /* Frameworks */ = {
			isa = PBXFrameworksBuildPhase;
			buildActionMask = 2147483647;
			files = (
				079A6DF118E2411C003DEFAF /* XCTest.framework in Frameworks */,
				079A6DF318E2411C003DEFAF /* UIKit.framework in Frameworks */,
				079A6DF218E2411C003DEFAF /* Foundation.framework in Frameworks */,
			);
			runOnlyForDeploymentPostprocessing = 0;
		};
/* End PBXFrameworksBuildPhase section */

/* Begin PBXGroup section */
		079A6DC518E2411C003DEFAF = {
			isa = PBXGroup;
			children = (
				079A6DD718E2411C003DEFAF /* GetOnTheBus */,
				079A6DF618E2411C003DEFAF /* GetOnTheBusTests */,
				079A6DD018E2411C003DEFAF /* Frameworks */,
				079A6DCF18E2411C003DEFAF /* Products */,
			);
			sourceTree = "<group>";
		};
		079A6DCF18E2411C003DEFAF /* Products */ = {
			isa = PBXGroup;
			children = (
				079A6DCE18E2411C003DEFAF /* GetOnTheBus.app */,
				079A6DEF18E2411C003DEFAF /* GetOnTheBusTests.xctest */,
			);
			name = Products;
			sourceTree = "<group>";
		};
		079A6DD018E2411C003DEFAF /* Frameworks */ = {
			isa = PBXGroup;
			children = (
				079A6E0618E24130003DEFAF /* MapKit.framework */,
				079A6DD118E2411C003DEFAF /* Foundation.framework */,
				079A6DD318E2411C003DEFAF /* CoreGraphics.framework */,
				079A6DD518E2411C003DEFAF /* UIKit.framework */,
				079A6DF018E2411C003DEFAF /* XCTest.framework */,
			);
			name = Frameworks;
			sourceTree = "<group>";
		};
		079A6DD718E2411C003DEFAF /* GetOnTheBus */ = {
			isa = PBXGroup;
			children = (
				079A6DE018E2411C003DEFAF /* DSAppDelegate.h */,
				079A6DE118E2411C003DEFAF /* DSAppDelegate.m */,
				079A6DE318E2411C003DEFAF /* Main.storyboard */,
				079A6DE618E2411C003DEFAF /* DSViewController.h */,
				079A6DE718E2411C003DEFAF /* DSViewController.m */,
				079A6DE918E2411C003DEFAF /* Images.xcassets */,
				079A6DD818E2411C003DEFAF /* Supporting Files */,
			);
			path = GetOnTheBus;
			sourceTree = "<group>";
		};
		079A6DD818E2411C003DEFAF /* Supporting Files */ = {
			isa = PBXGroup;
			children = (
				079A6DD918E2411C003DEFAF /* GetOnTheBus-Info.plist */,
				079A6DDA18E2411C003DEFAF /* InfoPlist.strings */,
				079A6DDD18E2411C003DEFAF /* main.m */,
				079A6DDF18E2411C003DEFAF /* GetOnTheBus-Prefix.pch */,
			);
			name = "Supporting Files";
			sourceTree = "<group>";
		};
		079A6DF618E2411C003DEFAF /* GetOnTheBusTests */ = {
			isa = PBXGroup;
			children = (
				079A6DFC18E2411C003DEFAF /* GetOnTheBusTests.m */,
				079A6DF718E2411C003DEFAF /* Supporting Files */,
			);
			path = GetOnTheBusTests;
			sourceTree = "<group>";
		};
		079A6DF718E2411C003DEFAF /* Supporting Files */ = {
			isa = PBXGroup;
			children = (
				079A6DF818E2411C003DEFAF /* GetOnTheBusTests-Info.plist */,
				079A6DF918E2411C003DEFAF /* InfoPlist.strings */,
			);
			name = "Supporting Files";
			sourceTree = "<group>";
		};
/* End PBXGroup section */

/* Begin PBXNativeTarget section */
		079A6DCD18E2411C003DEFAF /* GetOnTheBus */ = {
			isa = PBXNativeTarget;
			buildConfigurationList = 079A6E0018E2411D003DEFAF /* Build configuration list for PBXNativeTarget "GetOnTheBus" */;
			buildPhases = (
				079A6DCA18E2411C003DEFAF /* Sources */,
				079A6DCB18E2411C003DEFAF /* Frameworks */,
				079A6DCC18E2411C003DEFAF /* Resources */,
			);
			buildRules = (
			);
			dependencies = (
			);
			name = GetOnTheBus;
			productName = GetOnTheBus;
			productReference = 079A6DCE18E2411C003DEFAF /* GetOnTheBus.app */;
			productType = "com.apple.product-type.application";
		};
		079A6DEE18E2411C003DEFAF /* GetOnTheBusTests */ = {
			isa = PBXNativeTarget;
			buildConfigurationList = 079A6E0318E2411D003DEFAF /* Build configuration list for PBXNativeTarget "GetOnTheBusTests" */;
			buildPhases = (
				079A6DEB18E2411C003DEFAF /* Sources */,
				079A6DEC18E2411C003DEFAF /* Frameworks */,
				079A6DED18E2411C003DEFAF /* Resources */,
			);
			buildRules = (
			);
			dependencies = (
				079A6DF518E2411C003DEFAF /* PBXTargetDependency */,
			);
			name = GetOnTheBusTests;
			productName = GetOnTheBusTests;
			productReference = 079A6DEF18E2411C003DEFAF /* GetOnTheBusTests.xctest */;
			productType = "com.apple.product-type.bundle.unit-test";
		};
/* End PBXNativeTarget section */

/* Begin PBXProject section */
		079A6DC618E2411C003DEFAF /* Project object */ = {
			isa = PBXProject;
			attributes = {
				CLASSPREFIX = DS;
				LastUpgradeCheck = 0510;
				ORGANIZATIONNAME = "Dan Szeezil";
				TargetAttributes = {
					079A6DEE18E2411C003DEFAF = {
						TestTargetID = 079A6DCD18E2411C003DEFAF;
					};
				};
			};
			buildConfigurationList = 079A6DC918E2411C003DEFAF /* Build configuration list for PBXProject "GetOnTheBus" */;
			compatibilityVersion = "Xcode 3.2";
			developmentRegion = English;
			hasScannedForEncodings = 0;
			knownRegions = (
				en,
				Base,
			);
			mainGroup = 079A6DC518E2411C003DEFAF;
			productRefGroup = 079A6DCF18E2411C003DEFAF /* Products */;
			projectDirPath = "";
			projectRoot = "";
			targets = (
				079A6DCD18E2411C003DEFAF /* GetOnTheBus */,
				079A6DEE18E2411C003DEFAF /* GetOnTheBusTests */,
			);
		};
/* End PBXProject section */

/* Begin PBXResourcesBuildPhase section */
		079A6DCC18E2411C003DEFAF /* Resources */ = {
			isa = PBXResourcesBuildPhase;
			buildActionMask = 2147483647;
			files = (
				079A6DEA18E2411C003DEFAF /* Images.xcassets in Resources */,
				079A6DDC18E2411C003DEFAF /* InfoPlist.strings in Resources */,
				079A6DE518E2411C003DEFAF /* Main.storyboard in Resources */,
			);
			runOnlyForDeploymentPostprocessing = 0;
		};
		079A6DED18E2411C003DEFAF /* Resources */ = {
			isa = PBXResourcesBuildPhase;
			buildActionMask = 2147483647;
			files = (
				079A6DFB18E2411C003DEFAF /* InfoPlist.strings in Resources */,
			);
			runOnlyForDeploymentPostprocessing = 0;
		};
/* End PBXResourcesBuildPhase section */

/* Begin PBXSourcesBuildPhase section */
		079A6DCA18E2411C003DEFAF /* Sources */ = {
			isa = PBXSourcesBuildPhase;
			buildActionMask = 2147483647;
			files = (
				079A6DDE18E2411C003DEFAF /* main.m in Sources */,
				079A6DE818E2411C003DEFAF /* DSViewController.m in Sources */,
				079A6DE218E2411C003DEFAF /* DSAppDelegate.m in Sources */,
			);
			runOnlyForDeploymentPostprocessing = 0;
		};
		079A6DEB18E2411C003DEFAF /* Sources */ = {
			isa = PBXSourcesBuildPhase;
			buildActionMask = 2147483647;
			files = (
				079A6DFD18E2411C003DEFAF /* GetOnTheBusTests.m in Sources */,
			);
			runOnlyForDeploymentPostprocessing = 0;
		};
/* End PBXSourcesBuildPhase section */

/* Begin PBXTargetDependency section */
		079A6DF518E2411C003DEFAF /* PBXTargetDependency */ = {
			isa = PBXTargetDependency;
			target = 079A6DCD18E2411C003DEFAF /* GetOnTheBus */;
			targetProxy = 079A6DF418E2411C003DEFAF /* PBXContainerItemProxy */;
		};
/* End PBXTargetDependency section */

/* Begin PBXVariantGroup section */
		079A6DDA18E2411C003DEFAF /* InfoPlist.strings */ = {
			isa = PBXVariantGroup;
			children = (
				079A6DDB18E2411C003DEFAF /* en */,
			);
			name = InfoPlist.strings;
			sourceTree = "<group>";
		};
		079A6DE318E2411C003DEFAF /* Main.storyboard */ = {
			isa = PBXVariantGroup;
			children = (
				079A6DE418E2411C003DEFAF /* Base */,
			);
			name = Main.storyboard;
			sourceTree = "<group>";
		};
		079A6DF918E2411C003DEFAF /* InfoPlist.strings */ = {
			isa = PBXVariantGroup;
			children = (
				079A6DFA18E2411C003DEFAF /* en */,
			);
			name = InfoPlist.strings;
			sourceTree = "<group>";
		};
/* End PBXVariantGroup section */

/* Begin XCBuildConfiguration section */
		079A6DFE18E2411D003DEFAF /* Debug */ = {
			isa = XCBuildConfiguration;
			buildSettings = {
				ALWAYS_SEARCH_USER_PATHS = NO;
				CLANG_CXX_LANGUAGE_STANDARD = "gnu++0x";
				CLANG_CXX_LIBRARY = "libc++";
				CLANG_ENABLE_MODULES = YES;
				CLANG_ENABLE_OBJC_ARC = YES;
				CLANG_WARN_BOOL_CONVERSION = YES;
				CLANG_WARN_CONSTANT_CONVERSION = YES;
				CLANG_WARN_DIRECT_OBJC_ISA_USAGE = YES_ERROR;
				CLANG_WARN_EMPTY_BODY = YES;
				CLANG_WARN_ENUM_CONVERSION = YES;
				CLANG_WARN_INT_CONVERSION = YES;
				CLANG_WARN_OBJC_ROOT_CLASS = YES_ERROR;
				CLANG_WARN__DUPLICATE_METHOD_MATCH = YES;
				"CODE_SIGN_IDENTITY[sdk=iphoneos*]" = "iPhone Developer";
				COPY_PHASE_STRIP = NO;
				GCC_C_LANGUAGE_STANDARD = gnu99;
				GCC_DYNAMIC_NO_PIC = NO;
				GCC_OPTIMIZATION_LEVEL = 0;
				GCC_PREPROCESSOR_DEFINITIONS = (
					"DEBUG=1",
					"$(inherited)",
				);
				GCC_SYMBOLS_PRIVATE_EXTERN = NO;
				GCC_WARN_64_TO_32_BIT_CONVERSION = YES;
				GCC_WARN_ABOUT_RETURN_TYPE = YES_ERROR;
				GCC_WARN_UNDECLARED_SELECTOR = YES;
				GCC_WARN_UNINITIALIZED_AUTOS = YES_AGGRESSIVE;
				GCC_WARN_UNUSED_FUNCTION = YES;
				GCC_WARN_UNUSED_VARIABLE = YES;
				IPHONEOS_DEPLOYMENT_TARGET = 7.1;
				ONLY_ACTIVE_ARCH = YES;
				SDKROOT = iphoneos;
			};
			name = Debug;
		};
		079A6DFF18E2411D003DEFAF /* Release */ = {
			isa = XCBuildConfiguration;
			buildSettings = {
				ALWAYS_SEARCH_USER_PATHS = NO;
				CLANG_CXX_LANGUAGE_STANDARD = "gnu++0x";
				CLANG_CXX_LIBRARY = "libc++";
				CLANG_ENABLE_MODULES = YES;
				CLANG_ENABLE_OBJC_ARC = YES;
				CLANG_WARN_BOOL_CONVERSION = YES;
				CLANG_WARN_CONSTANT_CONVERSION = YES;
				CLANG_WARN_DIRECT_OBJC_ISA_USAGE = YES_ERROR;
				CLANG_WARN_EMPTY_BODY = YES;
				CLANG_WARN_ENUM_CONVERSION = YES;
				CLANG_WARN_INT_CONVERSION = YES;
				CLANG_WARN_OBJC_ROOT_CLASS = YES_ERROR;
				CLANG_WARN__DUPLICATE_METHOD_MATCH = YES;
				"CODE_SIGN_IDENTITY[sdk=iphoneos*]" = "iPhone Developer";
				COPY_PHASE_STRIP = YES;
				ENABLE_NS_ASSERTIONS = NO;
				GCC_C_LANGUAGE_STANDARD = gnu99;
				GCC_WARN_64_TO_32_BIT_CONVERSION = YES;
				GCC_WARN_ABOUT_RETURN_TYPE = YES_ERROR;
				GCC_WARN_UNDECLARED_SELECTOR = YES;
				GCC_WARN_UNINITIALIZED_AUTOS = YES_AGGRESSIVE;
				GCC_WARN_UNUSED_FUNCTION = YES;
				GCC_WARN_UNUSED_VARIABLE = YES;
				IPHONEOS_DEPLOYMENT_TARGET = 7.1;
				SDKROOT = iphoneos;
				VALIDATE_PRODUCT = YES;
			};
			name = Release;
		};
		079A6E0118E2411D003DEFAF /* Debug */ = {
			isa = XCBuildConfiguration;
			buildSettings = {
				ASSETCATALOG_COMPILER_APPICON_NAME = AppIcon;
				ASSETCATALOG_COMPILER_LAUNCHIMAGE_NAME = LaunchImage;
				GCC_PRECOMPILE_PREFIX_HEADER = YES;
				GCC_PREFIX_HEADER = "GetOnTheBus/GetOnTheBus-Prefix.pch";
				INFOPLIST_FILE = "GetOnTheBus/GetOnTheBus-Info.plist";
				PRODUCT_NAME = "$(TARGET_NAME)";
				WRAPPER_EXTENSION = app;
			};
			name = Debug;
		};
		079A6E0218E2411D003DEFAF /* Release */ = {
			isa = XCBuildConfiguration;
			buildSettings = {
				ASSETCATALOG_COMPILER_APPICON_NAME = AppIcon;
				ASSETCATALOG_COMPILER_LAUNCHIMAGE_NAME = LaunchImage;
				GCC_PRECOMPILE_PREFIX_HEADER = YES;
				GCC_PREFIX_HEADER = "GetOnTheBus/GetOnTheBus-Prefix.pch";
				INFOPLIST_FILE = "GetOnTheBus/GetOnTheBus-Info.plist";
				PRODUCT_NAME = "$(TARGET_NAME)";
				WRAPPER_EXTENSION = app;
			};
			name = Release;
		};
		079A6E0418E2411D003DEFAF /* Debug */ = {
			isa = XCBuildConfiguration;
			buildSettings = {
				BUNDLE_LOADER = "$(BUILT_PRODUCTS_DIR)/GetOnTheBus.app/GetOnTheBus";
				FRAMEWORK_SEARCH_PATHS = (
					"$(SDKROOT)/Developer/Library/Frameworks",
					"$(inherited)",
					"$(DEVELOPER_FRAMEWORKS_DIR)",
				);
				GCC_PRECOMPILE_PREFIX_HEADER = YES;
				GCC_PREFIX_HEADER = "GetOnTheBus/GetOnTheBus-Prefix.pch";
				GCC_PREPROCESSOR_DEFINITIONS = (
					"DEBUG=1",
					"$(inherited)",
				);
				INFOPLIST_FILE = "GetOnTheBusTests/GetOnTheBusTests-Info.plist";
				PRODUCT_NAME = "$(TARGET_NAME)";
				TEST_HOST = "$(BUNDLE_LOADER)";
				WRAPPER_EXTENSION = xctest;
			};
			name = Debug;
		};
		079A6E0518E2411D003DEFAF /* Release */ = {
			isa = XCBuildConfiguration;
			buildSettings = {
				BUNDLE_LOADER = "$(BUILT_PRODUCTS_DIR)/GetOnTheBus.app/GetOnTheBus";
				FRAMEWORK_SEARCH_PATHS = (
					"$(SDKROOT)/Developer/Library/Frameworks",
					"$(inherited)",
					"$(DEVELOPER_FRAMEWORKS_DIR)",
				);
				GCC_PRECOMPILE_PREFIX_HEADER = YES;
				GCC_PREFIX_HEADER = "GetOnTheBus/GetOnTheBus-Prefix.pch";
				INFOPLIST_FILE = "GetOnTheBusTests/GetOnTheBusTests-Info.plist";
				PRODUCT_NAME = "$(TARGET_NAME)";
				TEST_HOST = "$(BUNDLE_LOADER)";
				WRAPPER_EXTENSION = xctest;
			};
			name = Release;
		};
/* End XCBuildConfiguration section */

/* Begin XCConfigurationList section */
		079A6DC918E2411C003DEFAF /* Build configuration list for PBXProject "GetOnTheBus" */ = {
			isa = XCConfigurationList;
			buildConfigurations = (
				079A6DFE18E2411D003DEFAF /* Debug */,
				079A6DFF18E2411D003DEFAF /* Release */,
			);
			defaultConfigurationIsVisible = 0;
			defaultConfigurationName = Release;
		};
		079A6E0018E2411D003DEFAF /* Build configuration list for PBXNativeTarget "GetOnTheBus" */ = {
			isa = XCConfigurationList;
			buildConfigurations = (
				079A6E0118E2411D003DEFAF /* Debug */,
				079A6E0218E2411D003DEFAF /* Release */,
			);
			defaultConfigurationIsVisible = 0;
		};
		079A6E0318E2411D003DEFAF /* Build configuration list for PBXNativeTarget "GetOnTheBusTests" */ = {
			isa = XCConfigurationList;
			buildConfigurations = (
				079A6E0418E2411D003DEFAF /* Debug */,
				079A6E0518E2411D003DEFAF /* Release */,
			);
			defaultConfigurationIsVisible = 0;
		};
/* End XCConfigurationList section */
	};
	rootObject = 079A6DC618E2411C003DEFAF /* Project object */;
}
